// !$*UTF8*$!
{
	archiveVersion = 1;
	classes = {
	};
	objectVersion = 48;
	objects = {

/* Begin PBXBuildFile section */
		840977EB1FDB89B100C32219 /* main.json in Resources */ = {isa = PBXBuildFile; fileRef = 8460DA5A1FDA81A600DD155C /* main.json */; };
		8424E5FD1FD7A0E70039D5C2 /* UILabel+Extension.swift in Sources */ = {isa = PBXBuildFile; fileRef = 8424E5FC1FD7A0E70039D5C2 /* UILabel+Extension.swift */; };
		8424E5FE1FD7A0E70039D5C2 /* UILabel+Extension.swift in Sources */ = {isa = PBXBuildFile; fileRef = 8424E5FC1FD7A0E70039D5C2 /* UILabel+Extension.swift */; };
		842EC3381FE24949005D6A47 /* XZWBCommon.swift in Sources */ = {isa = PBXBuildFile; fileRef = 842EC3371FE24949005D6A47 /* XZWBCommon.swift */; };
		842EC3391FE24949005D6A47 /* XZWBCommon.swift in Sources */ = {isa = PBXBuildFile; fileRef = 842EC3371FE24949005D6A47 /* XZWBCommon.swift */; };
		843BCC4A1FD68EB900BC78F4 /* XZVisitorView.swift in Sources */ = {isa = PBXBuildFile; fileRef = 843BCC491FD68EB900BC78F4 /* XZVisitorView.swift */; };
		843BCC4B1FD68EB900BC78F4 /* XZVisitorView.swift in Sources */ = {isa = PBXBuildFile; fileRef = 843BCC491FD68EB900BC78F4 /* XZVisitorView.swift */; };
		84555EDE1FCBFD6A002DC388 /* UIScreen+Extension.swift in Sources */ = {isa = PBXBuildFile; fileRef = 84555EDD1FCBFD6A002DC388 /* UIScreen+Extension.swift */; };
		84555EDF1FCBFD6A002DC388 /* UIScreen+Extension.swift in Sources */ = {isa = PBXBuildFile; fileRef = 84555EDD1FCBFD6A002DC388 /* UIScreen+Extension.swift */; };
		846CA64C1FE0C02000253D82 /* XZStatusListViewModel.swift in Sources */ = {isa = PBXBuildFile; fileRef = 846CA64B1FE0C02000253D82 /* XZStatusListViewModel.swift */; };
		846CA64D1FE0C02000253D82 /* XZStatusListViewModel.swift in Sources */ = {isa = PBXBuildFile; fileRef = 846CA64B1FE0C02000253D82 /* XZStatusListViewModel.swift */; };
		8479BCBD1FDE7E2C002CCC23 /* XZNetworkManager.swift in Sources */ = {isa = PBXBuildFile; fileRef = 8479BCBC1FDE7E2C002CCC23 /* XZNetworkManager.swift */; };
		8479BCBE1FDE7E2D002CCC23 /* XZNetworkManager.swift in Sources */ = {isa = PBXBuildFile; fileRef = 8479BCBC1FDE7E2C002CCC23 /* XZNetworkManager.swift */; };
		849248411FE25DA200806C40 /* XZOAuthViewController.swift in Sources */ = {isa = PBXBuildFile; fileRef = 849248401FE25DA200806C40 /* XZOAuthViewController.swift */; };
		849248421FE25DA200806C40 /* XZOAuthViewController.swift in Sources */ = {isa = PBXBuildFile; fileRef = 849248401FE25DA200806C40 /* XZOAuthViewController.swift */; };
		849F99021FC9095E00EF7A55 /* Bundle+Extension.swift in Sources */ = {isa = PBXBuildFile; fileRef = 849F99011FC9095E00EF7A55 /* Bundle+Extension.swift */; };
		849F99031FC9095E00EF7A55 /* Bundle+Extension.swift in Sources */ = {isa = PBXBuildFile; fileRef = 849F99011FC9095E00EF7A55 /* Bundle+Extension.swift */; };
		849F99051FC91A9700EF7A55 /* UIButton+Extension.swift in Sources */ = {isa = PBXBuildFile; fileRef = 849F99041FC91A9700EF7A55 /* UIButton+Extension.swift */; };
		849F99061FC91A9700EF7A55 /* UIButton+Extension.swift in Sources */ = {isa = PBXBuildFile; fileRef = 849F99041FC91A9700EF7A55 /* UIButton+Extension.swift */; };
		849F99091FC94FC900EF7A55 /* XZDemoViewController.swift in Sources */ = {isa = PBXBuildFile; fileRef = 849F99081FC94FC900EF7A55 /* XZDemoViewController.swift */; };
		849F990A1FC94FC900EF7A55 /* XZDemoViewController.swift in Sources */ = {isa = PBXBuildFile; fileRef = 849F99081FC94FC900EF7A55 /* XZDemoViewController.swift */; };
		849F990C1FC9508100EF7A55 /* UIColor+Extension.swift in Sources */ = {isa = PBXBuildFile; fileRef = 849F990B1FC9508100EF7A55 /* UIColor+Extension.swift */; };
		849F990D1FC9508100EF7A55 /* UIColor+Extension.swift in Sources */ = {isa = PBXBuildFile; fileRef = 849F990B1FC9508100EF7A55 /* UIColor+Extension.swift */; };
		849F990F1FC9693E00EF7A55 /* UIBarButtonItem+Extension.swift in Sources */ = {isa = PBXBuildFile; fileRef = 849F990E1FC9693E00EF7A55 /* UIBarButtonItem+Extension.swift */; };
		849F99101FC9693E00EF7A55 /* UIBarButtonItem+Extension.swift in Sources */ = {isa = PBXBuildFile; fileRef = 849F990E1FC9693E00EF7A55 /* UIBarButtonItem+Extension.swift */; };
		84AE5E841FC7EBA700F4B0F9 /* AppDelegate.swift in Sources */ = {isa = PBXBuildFile; fileRef = 84AE5E831FC7EBA700F4B0F9 /* AppDelegate.swift */; };
		84AE5E8B1FC7EBA700F4B0F9 /* Assets.xcassets in Resources */ = {isa = PBXBuildFile; fileRef = 84AE5E8A1FC7EBA700F4B0F9 /* Assets.xcassets */; };
		84AE5E991FC7EBA700F4B0F9 /* XZSwfitWBTests.swift in Sources */ = {isa = PBXBuildFile; fileRef = 84AE5E981FC7EBA700F4B0F9 /* XZSwfitWBTests.swift */; };
		84AE5EAE1FC7EF8F00F4B0F9 /* XZMainViewController.swift in Sources */ = {isa = PBXBuildFile; fileRef = 84AE5EAD1FC7EF8F00F4B0F9 /* XZMainViewController.swift */; };
		84AE5EAF1FC7EF8F00F4B0F9 /* XZMainViewController.swift in Sources */ = {isa = PBXBuildFile; fileRef = 84AE5EAD1FC7EF8F00F4B0F9 /* XZMainViewController.swift */; };
		84AE5EB11FC7EFDC00F4B0F9 /* XZNavigationController.swift in Sources */ = {isa = PBXBuildFile; fileRef = 84AE5EB01FC7EFDC00F4B0F9 /* XZNavigationController.swift */; };
		84AE5EB21FC7EFDC00F4B0F9 /* XZNavigationController.swift in Sources */ = {isa = PBXBuildFile; fileRef = 84AE5EB01FC7EFDC00F4B0F9 /* XZNavigationController.swift */; };
		84AE5EB41FC7F02800F4B0F9 /* XZBaseViewController.swift in Sources */ = {isa = PBXBuildFile; fileRef = 84AE5EB31FC7F02800F4B0F9 /* XZBaseViewController.swift */; };
		84AE5EB51FC7F02800F4B0F9 /* XZBaseViewController.swift in Sources */ = {isa = PBXBuildFile; fileRef = 84AE5EB31FC7F02800F4B0F9 /* XZBaseViewController.swift */; };
		84AE5EB71FC7F0F000F4B0F9 /* XZHomeViewController.swift in Sources */ = {isa = PBXBuildFile; fileRef = 84AE5EB61FC7F0F000F4B0F9 /* XZHomeViewController.swift */; };
		84AE5EB81FC7F0F000F4B0F9 /* XZHomeViewController.swift in Sources */ = {isa = PBXBuildFile; fileRef = 84AE5EB61FC7F0F000F4B0F9 /* XZHomeViewController.swift */; };
		84AE5EBA1FC7F28E00F4B0F9 /* XZMessageViewController.swift in Sources */ = {isa = PBXBuildFile; fileRef = 84AE5EB91FC7F28E00F4B0F9 /* XZMessageViewController.swift */; };
		84AE5EBB1FC7F28E00F4B0F9 /* XZMessageViewController.swift in Sources */ = {isa = PBXBuildFile; fileRef = 84AE5EB91FC7F28E00F4B0F9 /* XZMessageViewController.swift */; };
		84AE5EBD1FC7F2A200F4B0F9 /* XZDiscoverViewController.swift in Sources */ = {isa = PBXBuildFile; fileRef = 84AE5EBC1FC7F2A200F4B0F9 /* XZDiscoverViewController.swift */; };
		84AE5EBE1FC7F2A200F4B0F9 /* XZDiscoverViewController.swift in Sources */ = {isa = PBXBuildFile; fileRef = 84AE5EBC1FC7F2A200F4B0F9 /* XZDiscoverViewController.swift */; };
		84AE5EC01FC7F2B400F4B0F9 /* XZProfileViewController.swift in Sources */ = {isa = PBXBuildFile; fileRef = 84AE5EBF1FC7F2B400F4B0F9 /* XZProfileViewController.swift */; };
		84AE5EC11FC7F2B400F4B0F9 /* XZProfileViewController.swift in Sources */ = {isa = PBXBuildFile; fileRef = 84AE5EBF1FC7F2B400F4B0F9 /* XZProfileViewController.swift */; };
		84E398F01FDF7B60008B0DF8 /* XZNetworkManager+Extension.swift in Sources */ = {isa = PBXBuildFile; fileRef = 84E398EF1FDF7B60008B0DF8 /* XZNetworkManager+Extension.swift */; };
		84E398F11FDF7B60008B0DF8 /* XZNetworkManager+Extension.swift in Sources */ = {isa = PBXBuildFile; fileRef = 84E398EF1FDF7B60008B0DF8 /* XZNetworkManager+Extension.swift */; };
		84E398F31FDFA6DC008B0DF8 /* XZStatus.swift in Sources */ = {isa = PBXBuildFile; fileRef = 84E398F21FDFA6DC008B0DF8 /* XZStatus.swift */; };
		84E398F41FDFA6DC008B0DF8 /* XZStatus.swift in Sources */ = {isa = PBXBuildFile; fileRef = 84E398F21FDFA6DC008B0DF8 /* XZStatus.swift */; };
		EBF4ED210C2D1E1CBFA382D7 /* Pods_XZSwfitWB.framework in Frameworks */ = {isa = PBXBuildFile; fileRef = D5A0405C76B8B9905A297BFB /* Pods_XZSwfitWB.framework */; };
/* End PBXBuildFile section */

/* Begin PBXContainerItemProxy section */
		84AE5E951FC7EBA700F4B0F9 /* PBXContainerItemProxy */ = {
			isa = PBXContainerItemProxy;
			containerPortal = 84AE5E781FC7EBA700F4B0F9 /* Project object */;
			proxyType = 1;
			remoteGlobalIDString = 84AE5E7F1FC7EBA700F4B0F9;
			remoteInfo = XZSwfitWB;
		};
/* End PBXContainerItemProxy section */

/* Begin PBXFileReference section */
		2C94E72C17881F745DBBBBC5 /* Pods-XZSwfitWB.release.xcconfig */ = {isa = PBXFileReference; includeInIndex = 1; lastKnownFileType = text.xcconfig; name = "Pods-XZSwfitWB.release.xcconfig"; path = "Pods/Target Support Files/Pods-XZSwfitWB/Pods-XZSwfitWB.release.xcconfig"; sourceTree = "<group>"; };
		8424E5FC1FD7A0E70039D5C2 /* UILabel+Extension.swift */ = {isa = PBXFileReference; lastKnownFileType = sourcecode.swift; path = "UILabel+Extension.swift"; sourceTree = "<group>"; };
		842EC3371FE24949005D6A47 /* XZWBCommon.swift */ = {isa = PBXFileReference; lastKnownFileType = sourcecode.swift; path = XZWBCommon.swift; sourceTree = "<group>"; };
		843BCC491FD68EB900BC78F4 /* XZVisitorView.swift */ = {isa = PBXFileReference; lastKnownFileType = sourcecode.swift; path = XZVisitorView.swift; sourceTree = "<group>"; };
		84555EDD1FCBFD6A002DC388 /* UIScreen+Extension.swift */ = {isa = PBXFileReference; lastKnownFileType = sourcecode.swift; path = "UIScreen+Extension.swift"; sourceTree = "<group>"; };
		8460DA5A1FDA81A600DD155C /* main.json */ = {isa = PBXFileReference; lastKnownFileType = text.json; path = main.json; sourceTree = "<group>"; };
		846CA64B1FE0C02000253D82 /* XZStatusListViewModel.swift */ = {isa = PBXFileReference; lastKnownFileType = sourcecode.swift; path = XZStatusListViewModel.swift; sourceTree = "<group>"; };
		8479BCBC1FDE7E2C002CCC23 /* XZNetworkManager.swift */ = {isa = PBXFileReference; lastKnownFileType = sourcecode.swift; path = XZNetworkManager.swift; sourceTree = "<group>"; };
		849248401FE25DA200806C40 /* XZOAuthViewController.swift */ = {isa = PBXFileReference; lastKnownFileType = sourcecode.swift; path = XZOAuthViewController.swift; sourceTree = "<group>"; };
		849F99011FC9095E00EF7A55 /* Bundle+Extension.swift */ = {isa = PBXFileReference; lastKnownFileType = sourcecode.swift; path = "Bundle+Extension.swift"; sourceTree = "<group>"; };
		849F99041FC91A9700EF7A55 /* UIButton+Extension.swift */ = {isa = PBXFileReference; lastKnownFileType = sourcecode.swift; path = "UIButton+Extension.swift"; sourceTree = "<group>"; };
		849F99081FC94FC900EF7A55 /* XZDemoViewController.swift */ = {isa = PBXFileReference; lastKnownFileType = sourcecode.swift; path = XZDemoViewController.swift; sourceTree = "<group>"; };
		849F990B1FC9508100EF7A55 /* UIColor+Extension.swift */ = {isa = PBXFileReference; lastKnownFileType = sourcecode.swift; path = "UIColor+Extension.swift"; sourceTree = "<group>"; };
		849F990E1FC9693E00EF7A55 /* UIBarButtonItem+Extension.swift */ = {isa = PBXFileReference; lastKnownFileType = sourcecode.swift; path = "UIBarButtonItem+Extension.swift"; sourceTree = "<group>"; };
		84AE5E801FC7EBA700F4B0F9 /* XZSwfitWB.app */ = {isa = PBXFileReference; explicitFileType = wrapper.application; includeInIndex = 0; path = XZSwfitWB.app; sourceTree = BUILT_PRODUCTS_DIR; };
		84AE5E831FC7EBA700F4B0F9 /* AppDelegate.swift */ = {isa = PBXFileReference; lastKnownFileType = sourcecode.swift; path = AppDelegate.swift; sourceTree = "<group>"; };
		84AE5E8A1FC7EBA700F4B0F9 /* Assets.xcassets */ = {isa = PBXFileReference; lastKnownFileType = folder.assetcatalog; path = Assets.xcassets; sourceTree = "<group>"; };
		84AE5E8F1FC7EBA700F4B0F9 /* Info.plist */ = {isa = PBXFileReference; lastKnownFileType = text.plist.xml; path = Info.plist; sourceTree = "<group>"; };
		84AE5E941FC7EBA700F4B0F9 /* XZSwfitWBTests.xctest */ = {isa = PBXFileReference; explicitFileType = wrapper.cfbundle; includeInIndex = 0; path = XZSwfitWBTests.xctest; sourceTree = BUILT_PRODUCTS_DIR; };
		84AE5E981FC7EBA700F4B0F9 /* XZSwfitWBTests.swift */ = {isa = PBXFileReference; lastKnownFileType = sourcecode.swift; path = XZSwfitWBTests.swift; sourceTree = "<group>"; };
		84AE5E9A1FC7EBA700F4B0F9 /* Info.plist */ = {isa = PBXFileReference; lastKnownFileType = text.plist.xml; path = Info.plist; sourceTree = "<group>"; };
		84AE5EAD1FC7EF8F00F4B0F9 /* XZMainViewController.swift */ = {isa = PBXFileReference; lastKnownFileType = sourcecode.swift; path = XZMainViewController.swift; sourceTree = "<group>"; };
		84AE5EB01FC7EFDC00F4B0F9 /* XZNavigationController.swift */ = {isa = PBXFileReference; lastKnownFileType = sourcecode.swift; path = XZNavigationController.swift; sourceTree = "<group>"; };
		84AE5EB31FC7F02800F4B0F9 /* XZBaseViewController.swift */ = {isa = PBXFileReference; lastKnownFileType = sourcecode.swift; path = XZBaseViewController.swift; sourceTree = "<group>"; };
		84AE5EB61FC7F0F000F4B0F9 /* XZHomeViewController.swift */ = {isa = PBXFileReference; lastKnownFileType = sourcecode.swift; path = XZHomeViewController.swift; sourceTree = "<group>"; };
		84AE5EB91FC7F28E00F4B0F9 /* XZMessageViewController.swift */ = {isa = PBXFileReference; lastKnownFileType = sourcecode.swift; path = XZMessageViewController.swift; sourceTree = "<group>"; };
		84AE5EBC1FC7F2A200F4B0F9 /* XZDiscoverViewController.swift */ = {isa = PBXFileReference; lastKnownFileType = sourcecode.swift; path = XZDiscoverViewController.swift; sourceTree = "<group>"; };
		84AE5EBF1FC7F2B400F4B0F9 /* XZProfileViewController.swift */ = {isa = PBXFileReference; lastKnownFileType = sourcecode.swift; path = XZProfileViewController.swift; sourceTree = "<group>"; };
		84E398EF1FDF7B60008B0DF8 /* XZNetworkManager+Extension.swift */ = {isa = PBXFileReference; lastKnownFileType = sourcecode.swift; path = "XZNetworkManager+Extension.swift"; sourceTree = "<group>"; };
		84E398F21FDFA6DC008B0DF8 /* XZStatus.swift */ = {isa = PBXFileReference; lastKnownFileType = sourcecode.swift; path = XZStatus.swift; sourceTree = "<group>"; };
		D04B188BD7314CB1A274D45F /* Pods-XZSwfitWB.debug.xcconfig */ = {isa = PBXFileReference; includeInIndex = 1; lastKnownFileType = text.xcconfig; name = "Pods-XZSwfitWB.debug.xcconfig"; path = "Pods/Target Support Files/Pods-XZSwfitWB/Pods-XZSwfitWB.debug.xcconfig"; sourceTree = "<group>"; };
		D5A0405C76B8B9905A297BFB /* Pods_XZSwfitWB.framework */ = {isa = PBXFileReference; explicitFileType = wrapper.framework; includeInIndex = 0; path = Pods_XZSwfitWB.framework; sourceTree = BUILT_PRODUCTS_DIR; };
/* End PBXFileReference section */

/* Begin PBXFrameworksBuildPhase section */
		84AE5E7D1FC7EBA700F4B0F9 /* Frameworks */ = {
			isa = PBXFrameworksBuildPhase;
			buildActionMask = 2147483647;
			files = (
				EBF4ED210C2D1E1CBFA382D7 /* Pods_XZSwfitWB.framework in Frameworks */,
			);
			runOnlyForDeploymentPostprocessing = 0;
		};
		84AE5E911FC7EBA700F4B0F9 /* Frameworks */ = {
			isa = PBXFrameworksBuildPhase;
			buildActionMask = 2147483647;
			files = (
			);
			runOnlyForDeploymentPostprocessing = 0;
		};
/* End PBXFrameworksBuildPhase section */

/* Begin PBXGroup section */
		2DCD6A261FCE0D2B2A7538C2 /* Pods */ = {
			isa = PBXGroup;
			children = (
				D04B188BD7314CB1A274D45F /* Pods-XZSwfitWB.debug.xcconfig */,
				2C94E72C17881F745DBBBBC5 /* Pods-XZSwfitWB.release.xcconfig */,
			);
			name = Pods;
			sourceTree = "<group>";
		};
		3E4910B6CED5EF5594AFFCFA /* Frameworks */ = {
			isa = PBXGroup;
			children = (
				D5A0405C76B8B9905A297BFB /* Pods_XZSwfitWB.framework */,
			);
			name = Frameworks;
			sourceTree = "<group>";
		};
		84715F811FCE7DF800E6DC14 /* 主控制器 */ = {
			isa = PBXGroup;
			children = (
				8460DA5A1FDA81A600DD155C /* main.json */,
				84AE5EAD1FC7EF8F00F4B0F9 /* XZMainViewController.swift */,
				84AE5EB01FC7EFDC00F4B0F9 /* XZNavigationController.swift */,
			);
			path = "主控制器";
			sourceTree = "<group>";
		};
		8479BCBB1FDE7B5D002CCC23 /* Network */ = {
			isa = PBXGroup;
			children = (
				8479BCBC1FDE7E2C002CCC23 /* XZNetworkManager.swift */,
				84E398EF1FDF7B60008B0DF8 /* XZNetworkManager+Extension.swift */,
			);
			path = Network;
			sourceTree = "<group>";
		};
		8492483F1FE2574A00806C40 /* OAuth */ = {
			isa = PBXGroup;
			children = (
				849248401FE25DA200806C40 /* XZOAuthViewController.swift */,
			);
			path = OAuth;
			sourceTree = "<group>";
		};
		849F99001FC9091E00EF7A55 /* Extension */ = {
			isa = PBXGroup;
			children = (
				849F99011FC9095E00EF7A55 /* Bundle+Extension.swift */,
				849F99041FC91A9700EF7A55 /* UIButton+Extension.swift */,
				849F990B1FC9508100EF7A55 /* UIColor+Extension.swift */,
				849F990E1FC9693E00EF7A55 /* UIBarButtonItem+Extension.swift */,
				84555EDD1FCBFD6A002DC388 /* UIScreen+Extension.swift */,
				8424E5FC1FD7A0E70039D5C2 /* UILabel+Extension.swift */,
			);
			path = Extension;
			sourceTree = "<group>";
		};
		849F99071FC94F9E00EF7A55 /* 测试 */ = {
			isa = PBXGroup;
			children = (
				849F99081FC94FC900EF7A55 /* XZDemoViewController.swift */,
			);
			path = "测试";
			sourceTree = "<group>";
		};
		84AE5E771FC7EBA700F4B0F9 = {
			isa = PBXGroup;
			children = (
				84AE5E821FC7EBA700F4B0F9 /* XZSwfitWB */,
				84AE5E971FC7EBA700F4B0F9 /* XZSwfitWBTests */,
				84AE5E811FC7EBA700F4B0F9 /* Products */,
				2DCD6A261FCE0D2B2A7538C2 /* Pods */,
				3E4910B6CED5EF5594AFFCFA /* Frameworks */,
			);
			sourceTree = "<group>";
		};
		84AE5E811FC7EBA700F4B0F9 /* Products */ = {
			isa = PBXGroup;
			children = (
				84AE5E801FC7EBA700F4B0F9 /* XZSwfitWB.app */,
				84AE5E941FC7EBA700F4B0F9 /* XZSwfitWBTests.xctest */,
			);
			name = Products;
			sourceTree = "<group>";
		};
		84AE5E821FC7EBA700F4B0F9 /* XZSwfitWB */ = {
			isa = PBXGroup;
			children = (
				84AE5EA31FC7EDEE00F4B0F9 /* Class */,
				84AE5E8A1FC7EBA700F4B0F9 /* Assets.xcassets */,
				84AE5E8F1FC7EBA700F4B0F9 /* Info.plist */,
			);
			path = XZSwfitWB;
			sourceTree = "<group>";
		};
		84AE5E971FC7EBA700F4B0F9 /* XZSwfitWBTests */ = {
			isa = PBXGroup;
			children = (
				84AE5E981FC7EBA700F4B0F9 /* XZSwfitWBTests.swift */,
				84AE5E9A1FC7EBA700F4B0F9 /* Info.plist */,
			);
			path = XZSwfitWBTests;
			sourceTree = "<group>";
		};
		84AE5EA31FC7EDEE00F4B0F9 /* Class */ = {
			isa = PBXGroup;
			children = (
				84AE5E831FC7EBA700F4B0F9 /* AppDelegate.swift */,
				84AE5EA71FC7EE5F00F4B0F9 /* ViewModel */,
				84AE5EA61FC7EE5100F4B0F9 /* Tools */,
				84AE5EA51FC7EE4C00F4B0F9 /* View */,
				84AE5EA41FC7EE4300F4B0F9 /* Model */,
			);
			path = Class;
			sourceTree = "<group>";
		};
		84AE5EA41FC7EE4300F4B0F9 /* Model */ = {
			isa = PBXGroup;
			children = (
				84E398F21FDFA6DC008B0DF8 /* XZStatus.swift */,
			);
			path = Model;
			sourceTree = "<group>";
		};
		84AE5EA51FC7EE4C00F4B0F9 /* View */ = {
			isa = PBXGroup;
			children = (
				84AE5EA81FC7EEF800F4B0F9 /* Main */,
				84AE5EAC1FC7EF5100F4B0F9 /* Home */,
				84AE5EAB1FC7EF3F00F4B0F9 /* Message */,
				84AE5EAA1FC7EF3700F4B0F9 /* Discover */,
				84AE5EA91FC7EF0100F4B0F9 /* Profile */,
			);
			path = View;
			sourceTree = "<group>";
		};
		84AE5EA61FC7EE5100F4B0F9 /* Tools */ = {
			isa = PBXGroup;
			children = (
				8479BCBB1FDE7B5D002CCC23 /* Network */,
				849F99001FC9091E00EF7A55 /* Extension */,
				842EC3371FE24949005D6A47 /* XZWBCommon.swift */,
			);
			path = Tools;
			sourceTree = "<group>";
		};
		84AE5EA71FC7EE5F00F4B0F9 /* ViewModel */ = {
			isa = PBXGroup;
			children = (
				846CA64B1FE0C02000253D82 /* XZStatusListViewModel.swift */,
			);
			path = ViewModel;
			sourceTree = "<group>";
		};
		84AE5EA81FC7EEF800F4B0F9 /* Main */ = {
			isa = PBXGroup;
			children = (
				8492483F1FE2574A00806C40 /* OAuth */,
				849F99071FC94F9E00EF7A55 /* 测试 */,
				84715F811FCE7DF800E6DC14 /* 主控制器 */,
				84AE5EB31FC7F02800F4B0F9 /* XZBaseViewController.swift */,
				843BCC491FD68EB900BC78F4 /* XZVisitorView.swift */,
			);
			path = Main;
			sourceTree = "<group>";
		};
		84AE5EA91FC7EF0100F4B0F9 /* Profile */ = {
			isa = PBXGroup;
			children = (
				84AE5EBF1FC7F2B400F4B0F9 /* XZProfileViewController.swift */,
			);
			path = Profile;
			sourceTree = "<group>";
		};
		84AE5EAA1FC7EF3700F4B0F9 /* Discover */ = {
			isa = PBXGroup;
			children = (
				84AE5EBC1FC7F2A200F4B0F9 /* XZDiscoverViewController.swift */,
			);
			path = Discover;
			sourceTree = "<group>";
		};
		84AE5EAB1FC7EF3F00F4B0F9 /* Message */ = {
			isa = PBXGroup;
			children = (
				84AE5EB91FC7F28E00F4B0F9 /* XZMessageViewController.swift */,
			);
			path = Message;
			sourceTree = "<group>";
		};
		84AE5EAC1FC7EF5100F4B0F9 /* Home */ = {
			isa = PBXGroup;
			children = (
				84AE5EB61FC7F0F000F4B0F9 /* XZHomeViewController.swift */,
			);
			path = Home;
			sourceTree = "<group>";
		};
/* End PBXGroup section */

/* Begin PBXNativeTarget section */
		84AE5E7F1FC7EBA700F4B0F9 /* XZSwfitWB */ = {
			isa = PBXNativeTarget;
			buildConfigurationList = 84AE5E9D1FC7EBA700F4B0F9 /* Build configuration list for PBXNativeTarget "XZSwfitWB" */;
			buildPhases = (
				00C3F57B429395A4F6803FB8 /* [CP] Check Pods Manifest.lock */,
				84AE5E7C1FC7EBA700F4B0F9 /* Sources */,
				84AE5E7D1FC7EBA700F4B0F9 /* Frameworks */,
				84AE5E7E1FC7EBA700F4B0F9 /* Resources */,
				215B02A70EAD91F724ACDED0 /* [CP] Embed Pods Frameworks */,
				44087B82351FB1C202BF22D4 /* [CP] Copy Pods Resources */,
			);
			buildRules = (
			);
			dependencies = (
			);
			name = XZSwfitWB;
			productName = XZSwfitWB;
			productReference = 84AE5E801FC7EBA700F4B0F9 /* XZSwfitWB.app */;
			productType = "com.apple.product-type.application";
		};
		84AE5E931FC7EBA700F4B0F9 /* XZSwfitWBTests */ = {
			isa = PBXNativeTarget;
			buildConfigurationList = 84AE5EA01FC7EBA700F4B0F9 /* Build configuration list for PBXNativeTarget "XZSwfitWBTests" */;
			buildPhases = (
				84AE5E901FC7EBA700F4B0F9 /* Sources */,
				84AE5E911FC7EBA700F4B0F9 /* Frameworks */,
				84AE5E921FC7EBA700F4B0F9 /* Resources */,
			);
			buildRules = (
			);
			dependencies = (
				84AE5E961FC7EBA700F4B0F9 /* PBXTargetDependency */,
			);
			name = XZSwfitWBTests;
			productName = XZSwfitWBTests;
			productReference = 84AE5E941FC7EBA700F4B0F9 /* XZSwfitWBTests.xctest */;
			productType = "com.apple.product-type.bundle.unit-test";
		};
/* End PBXNativeTarget section */

/* Begin PBXProject section */
		84AE5E781FC7EBA700F4B0F9 /* Project object */ = {
			isa = PBXProject;
			attributes = {
				CLASSPREFIX = XZ;
				LastSwiftUpdateCheck = 0900;
				LastUpgradeCheck = 0900;
				ORGANIZATIONNAME = XZ;
				TargetAttributes = {
					84AE5E7F1FC7EBA700F4B0F9 = {
						CreatedOnToolsVersion = 9.0;
						ProvisioningStyle = Automatic;
					};
					84AE5E931FC7EBA700F4B0F9 = {
						CreatedOnToolsVersion = 9.0;
						ProvisioningStyle = Automatic;
						TestTargetID = 84AE5E7F1FC7EBA700F4B0F9;
					};
				};
			};
			buildConfigurationList = 84AE5E7B1FC7EBA700F4B0F9 /* Build configuration list for PBXProject "XZSwfitWB" */;
			compatibilityVersion = "Xcode 8.0";
			developmentRegion = en;
			hasScannedForEncodings = 0;
			knownRegions = (
				en,
				Base,
			);
			mainGroup = 84AE5E771FC7EBA700F4B0F9;
			productRefGroup = 84AE5E811FC7EBA700F4B0F9 /* Products */;
			projectDirPath = "";
			projectRoot = "";
			targets = (
				84AE5E7F1FC7EBA700F4B0F9 /* XZSwfitWB */,
				84AE5E931FC7EBA700F4B0F9 /* XZSwfitWBTests */,
			);
		};
/* End PBXProject section */

/* Begin PBXResourcesBuildPhase section */
		84AE5E7E1FC7EBA700F4B0F9 /* Resources */ = {
			isa = PBXResourcesBuildPhase;
			buildActionMask = 2147483647;
			files = (
				840977EB1FDB89B100C32219 /* main.json in Resources */,
				84AE5E8B1FC7EBA700F4B0F9 /* Assets.xcassets in Resources */,
			);
			runOnlyForDeploymentPostprocessing = 0;
		};
		84AE5E921FC7EBA700F4B0F9 /* Resources */ = {
			isa = PBXResourcesBuildPhase;
			buildActionMask = 2147483647;
			files = (
			);
			runOnlyForDeploymentPostprocessing = 0;
		};
/* End PBXResourcesBuildPhase section */

/* Begin PBXShellScriptBuildPhase section */
		00C3F57B429395A4F6803FB8 /* [CP] Check Pods Manifest.lock */ = {
			isa = PBXShellScriptBuildPhase;
			buildActionMask = 2147483647;
			files = (
			);
			inputPaths = (
			);
			name = "[CP] Check Pods Manifest.lock";
			outputPaths = (
			);
			runOnlyForDeploymentPostprocessing = 0;
			shellPath = /bin/sh;
			shellScript = "diff \"${PODS_PODFILE_DIR_PATH}/Podfile.lock\" \"${PODS_ROOT}/Manifest.lock\" > /dev/null\nif [ $? != 0 ] ; then\n    # print error to STDERR\n    echo \"error: The sandbox is not in sync with the Podfile.lock. Run 'pod install' or update your CocoaPods installation.\" >&2\n    exit 1\nfi\n";
			showEnvVarsInLog = 0;
		};
		215B02A70EAD91F724ACDED0 /* [CP] Embed Pods Frameworks */ = {
			isa = PBXShellScriptBuildPhase;
			buildActionMask = 2147483647;
			files = (
			);
			inputPaths = (
			);
			name = "[CP] Embed Pods Frameworks";
			outputPaths = (
			);
			runOnlyForDeploymentPostprocessing = 0;
			shellPath = /bin/sh;
			shellScript = "\"${SRCROOT}/Pods/Target Support Files/Pods-XZSwfitWB/Pods-XZSwfitWB-frameworks.sh\"\n";
			showEnvVarsInLog = 0;
		};
		44087B82351FB1C202BF22D4 /* [CP] Copy Pods Resources */ = {
			isa = PBXShellScriptBuildPhase;
			buildActionMask = 2147483647;
			files = (
			);
			inputPaths = (
			);
			name = "[CP] Copy Pods Resources";
			outputPaths = (
			);
			runOnlyForDeploymentPostprocessing = 0;
			shellPath = /bin/sh;
			shellScript = "\"${SRCROOT}/Pods/Target Support Files/Pods-XZSwfitWB/Pods-XZSwfitWB-resources.sh\"\n";
			showEnvVarsInLog = 0;
		};
/* End PBXShellScriptBuildPhase section */

/* Begin PBXSourcesBuildPhase section */
		84AE5E7C1FC7EBA700F4B0F9 /* Sources */ = {
			isa = PBXSourcesBuildPhase;
			buildActionMask = 2147483647;
			files = (
				84AE5EBA1FC7F28E00F4B0F9 /* XZMessageViewController.swift in Sources */,
				849F99021FC9095E00EF7A55 /* Bundle+Extension.swift in Sources */,
				84AE5EBD1FC7F2A200F4B0F9 /* XZDiscoverViewController.swift in Sources */,
				84E398F31FDFA6DC008B0DF8 /* XZStatus.swift in Sources */,
				849F990C1FC9508100EF7A55 /* UIColor+Extension.swift in Sources */,
				849F99051FC91A9700EF7A55 /* UIButton+Extension.swift in Sources */,
				84AE5EC01FC7F2B400F4B0F9 /* XZProfileViewController.swift in Sources */,
				842EC3381FE24949005D6A47 /* XZWBCommon.swift in Sources */,
				84E398F01FDF7B60008B0DF8 /* XZNetworkManager+Extension.swift in Sources */,
				84AE5EB11FC7EFDC00F4B0F9 /* XZNavigationController.swift in Sources */,
				84AE5EB41FC7F02800F4B0F9 /* XZBaseViewController.swift in Sources */,
				8424E5FD1FD7A0E70039D5C2 /* UILabel+Extension.swift in Sources */,
				84AE5E841FC7EBA700F4B0F9 /* AppDelegate.swift in Sources */,
				846CA64C1FE0C02000253D82 /* XZStatusListViewModel.swift in Sources */,
				849F99091FC94FC900EF7A55 /* XZDemoViewController.swift in Sources */,
				84AE5EB71FC7F0F000F4B0F9 /* XZHomeViewController.swift in Sources */,
				843BCC4A1FD68EB900BC78F4 /* XZVisitorView.swift in Sources */,
				84AE5EAE1FC7EF8F00F4B0F9 /* XZMainViewController.swift in Sources */,
				849248411FE25DA200806C40 /* XZOAuthViewController.swift in Sources */,
				849F990F1FC9693E00EF7A55 /* UIBarButtonItem+Extension.swift in Sources */,
				8479BCBD1FDE7E2C002CCC23 /* XZNetworkManager.swift in Sources */,
				84555EDE1FCBFD6A002DC388 /* UIScreen+Extension.swift in Sources */,
			);
			runOnlyForDeploymentPostprocessing = 0;
		};
		84AE5E901FC7EBA700F4B0F9 /* Sources */ = {
			isa = PBXSourcesBuildPhase;
			buildActionMask = 2147483647;
			files = (
				84AE5EBB1FC7F28E00F4B0F9 /* XZMessageViewController.swift in Sources */,
				849F99031FC9095E00EF7A55 /* Bundle+Extension.swift in Sources */,
				84AE5EBE1FC7F2A200F4B0F9 /* XZDiscoverViewController.swift in Sources */,
				84E398F41FDFA6DC008B0DF8 /* XZStatus.swift in Sources */,
				849F990D1FC9508100EF7A55 /* UIColor+Extension.swift in Sources */,
				849F99061FC91A9700EF7A55 /* UIButton+Extension.swift in Sources */,
				84AE5EC11FC7F2B400F4B0F9 /* XZProfileViewController.swift in Sources */,
				842EC3391FE24949005D6A47 /* XZWBCommon.swift in Sources */,
				84E398F11FDF7B60008B0DF8 /* XZNetworkManager+Extension.swift in Sources */,
				84AE5EB21FC7EFDC00F4B0F9 /* XZNavigationController.swift in Sources */,
				84AE5EB51FC7F02800F4B0F9 /* XZBaseViewController.swift in Sources */,
				8424E5FE1FD7A0E70039D5C2 /* UILabel+Extension.swift in Sources */,
				84AE5E991FC7EBA700F4B0F9 /* XZSwfitWBTests.swift in Sources */,
				846CA64D1FE0C02000253D82 /* XZStatusListViewModel.swift in Sources */,
				849F990A1FC94FC900EF7A55 /* XZDemoViewController.swift in Sources */,
				84AE5EB81FC7F0F000F4B0F9 /* XZHomeViewController.swift in Sources */,
				843BCC4B1FD68EB900BC78F4 /* XZVisitorView.swift in Sources */,
				84AE5EAF1FC7EF8F00F4B0F9 /* XZMainViewController.swift in Sources */,
				849248421FE25DA200806C40 /* XZOAuthViewController.swift in Sources */,
				849F99101FC9693E00EF7A55 /* UIBarButtonItem+Extension.swift in Sources */,
				8479BCBE1FDE7E2D002CCC23 /* XZNetworkManager.swift in Sources */,
				84555EDF1FCBFD6A002DC388 /* UIScreen+Extension.swift in Sources */,
			);
			runOnlyForDeploymentPostprocessing = 0;
		};
/* End PBXSourcesBuildPhase section */

/* Begin PBXTargetDependency section */
		84AE5E961FC7EBA700F4B0F9 /* PBXTargetDependency */ = {
			isa = PBXTargetDependency;
			target = 84AE5E7F1FC7EBA700F4B0F9 /* XZSwfitWB */;
			targetProxy = 84AE5E951FC7EBA700F4B0F9 /* PBXContainerItemProxy */;
		};
/* End PBXTargetDependency section */

/* Begin XCBuildConfiguration section */
		84AE5E9B1FC7EBA700F4B0F9 /* Debug */ = {
			isa = XCBuildConfiguration;
			buildSettings = {
				ALWAYS_SEARCH_USER_PATHS = NO;
				CLANG_ANALYZER_NONNULL = YES;
				CLANG_ANALYZER_NUMBER_OBJECT_CONVERSION = YES_AGGRESSIVE;
				CLANG_CXX_LANGUAGE_STANDARD = "gnu++14";
				CLANG_CXX_LIBRARY = "libc++";
				CLANG_ENABLE_MODULES = YES;
				CLANG_ENABLE_OBJC_ARC = YES;
				CLANG_WARN_BLOCK_CAPTURE_AUTORELEASING = YES;
				CLANG_WARN_BOOL_CONVERSION = YES;
				CLANG_WARN_COMMA = YES;
				CLANG_WARN_CONSTANT_CONVERSION = YES;
				CLANG_WARN_DIRECT_OBJC_ISA_USAGE = YES_ERROR;
				CLANG_WARN_DOCUMENTATION_COMMENTS = YES;
				CLANG_WARN_EMPTY_BODY = YES;
				CLANG_WARN_ENUM_CONVERSION = YES;
				CLANG_WARN_INFINITE_RECURSION = YES;
				CLANG_WARN_INT_CONVERSION = YES;
				CLANG_WARN_NON_LITERAL_NULL_CONVERSION = YES;
				CLANG_WARN_OBJC_LITERAL_CONVERSION = YES;
				CLANG_WARN_OBJC_ROOT_CLASS = YES_ERROR;
				CLANG_WARN_RANGE_LOOP_ANALYSIS = YES;
				CLANG_WARN_STRICT_PROTOTYPES = YES;
				CLANG_WARN_SUSPICIOUS_MOVE = YES;
				CLANG_WARN_UNGUARDED_AVAILABILITY = YES_AGGRESSIVE;
				CLANG_WARN_UNREACHABLE_CODE = YES;
				CLANG_WARN__DUPLICATE_METHOD_MATCH = YES;
				CODE_SIGN_IDENTITY = "iPhone Developer";
				COPY_PHASE_STRIP = NO;
				DEBUG_INFORMATION_FORMAT = dwarf;
				ENABLE_STRICT_OBJC_MSGSEND = YES;
				ENABLE_TESTABILITY = YES;
				GCC_C_LANGUAGE_STANDARD = gnu11;
				GCC_DYNAMIC_NO_PIC = NO;
				GCC_NO_COMMON_BLOCKS = YES;
				GCC_OPTIMIZATION_LEVEL = 0;
				GCC_PREPROCESSOR_DEFINITIONS = (
					"DEBUG=1",
					"$(inherited)",
				);
				GCC_WARN_64_TO_32_BIT_CONVERSION = YES;
				GCC_WARN_ABOUT_RETURN_TYPE = YES_ERROR;
				GCC_WARN_UNDECLARED_SELECTOR = YES;
				GCC_WARN_UNINITIALIZED_AUTOS = YES_AGGRESSIVE;
				GCC_WARN_UNUSED_FUNCTION = YES;
				GCC_WARN_UNUSED_VARIABLE = YES;
				IPHONEOS_DEPLOYMENT_TARGET = 11.0;
				MTL_ENABLE_DEBUG_INFO = YES;
				ONLY_ACTIVE_ARCH = YES;
				SDKROOT = iphoneos;
				SWIFT_ACTIVE_COMPILATION_CONDITIONS = DEBUG;
				SWIFT_OPTIMIZATION_LEVEL = "-Onone";
			};
			name = Debug;
		};
		84AE5E9C1FC7EBA700F4B0F9 /* Release */ = {
			isa = XCBuildConfiguration;
			buildSettings = {
				ALWAYS_SEARCH_USER_PATHS = NO;
				CLANG_ANALYZER_NONNULL = YES;
				CLANG_ANALYZER_NUMBER_OBJECT_CONVERSION = YES_AGGRESSIVE;
				CLANG_CXX_LANGUAGE_STANDARD = "gnu++14";
				CLANG_CXX_LIBRARY = "libc++";
				CLANG_ENABLE_MODULES = YES;
				CLANG_ENABLE_OBJC_ARC = YES;
				CLANG_WARN_BLOCK_CAPTURE_AUTORELEASING = YES;
				CLANG_WARN_BOOL_CONVERSION = YES;
				CLANG_WARN_COMMA = YES;
				CLANG_WARN_CONSTANT_CONVERSION = YES;
				CLANG_WARN_DIRECT_OBJC_ISA_USAGE = YES_ERROR;
				CLANG_WARN_DOCUMENTATION_COMMENTS = YES;
				CLANG_WARN_EMPTY_BODY = YES;
				CLANG_WARN_ENUM_CONVERSION = YES;
				CLANG_WARN_INFINITE_RECURSION = YES;
				CLANG_WARN_INT_CONVERSION = YES;
				CLANG_WARN_NON_LITERAL_NULL_CONVERSION = YES;
				CLANG_WARN_OBJC_LITERAL_CONVERSION = YES;
				CLANG_WARN_OBJC_ROOT_CLASS = YES_ERROR;
				CLANG_WARN_RANGE_LOOP_ANALYSIS = YES;
				CLANG_WARN_STRICT_PROTOTYPES = YES;
				CLANG_WARN_SUSPICIOUS_MOVE = YES;
				CLANG_WARN_UNGUARDED_AVAILABILITY = YES_AGGRESSIVE;
				CLANG_WARN_UNREACHABLE_CODE = YES;
				CLANG_WARN__DUPLICATE_METHOD_MATCH = YES;
				CODE_SIGN_IDENTITY = "iPhone Developer";
				COPY_PHASE_STRIP = NO;
				DEBUG_INFORMATION_FORMAT = "dwarf-with-dsym";
				ENABLE_NS_ASSERTIONS = NO;
				ENABLE_STRICT_OBJC_MSGSEND = YES;
				GCC_C_LANGUAGE_STANDARD = gnu11;
				GCC_NO_COMMON_BLOCKS = YES;
				GCC_WARN_64_TO_32_BIT_CONVERSION = YES;
				GCC_WARN_ABOUT_RETURN_TYPE = YES_ERROR;
				GCC_WARN_UNDECLARED_SELECTOR = YES;
				GCC_WARN_UNINITIALIZED_AUTOS = YES_AGGRESSIVE;
				GCC_WARN_UNUSED_FUNCTION = YES;
				GCC_WARN_UNUSED_VARIABLE = YES;
				IPHONEOS_DEPLOYMENT_TARGET = 11.0;
				MTL_ENABLE_DEBUG_INFO = NO;
				SDKROOT = iphoneos;
				SWIFT_OPTIMIZATION_LEVEL = "-Owholemodule";
				VALIDATE_PRODUCT = YES;
			};
			name = Release;
		};
		84AE5E9E1FC7EBA700F4B0F9 /* Debug */ = {
			isa = XCBuildConfiguration;
			baseConfigurationReference = D04B188BD7314CB1A274D45F /* Pods-XZSwfitWB.debug.xcconfig */;
			buildSettings = {
				ASSETCATALOG_COMPILER_APPICON_NAME = AppIcon;
				CODE_SIGN_STYLE = Automatic;
				DEVELOPMENT_TEAM = JM8C4U4YF7;
				INFOPLIST_FILE = XZSwfitWB/Info.plist;
				IPHONEOS_DEPLOYMENT_TARGET = 8.0;
				LD_RUNPATH_SEARCH_PATHS = "$(inherited) @executable_path/Frameworks";
				PRODUCT_BUNDLE_IDENTIFIER = com.XZ.XZSwfitWB;
				PRODUCT_NAME = "$(TARGET_NAME)";
				SWIFT_VERSION = 4.0;
				TARGETED_DEVICE_FAMILY = "1,2";
			};
			name = Debug;
		};
		84AE5E9F1FC7EBA700F4B0F9 /* Release */ = {
			isa = XCBuildConfiguration;
			baseConfigurationReference = 2C94E72C17881F745DBBBBC5 /* Pods-XZSwfitWB.release.xcconfig */;
			buildSettings = {
				ASSETCATALOG_COMPILER_APPICON_NAME = AppIcon;
				CODE_SIGN_STYLE = Automatic;
				DEVELOPMENT_TEAM = JM8C4U4YF7;
				INFOPLIST_FILE = XZSwfitWB/Info.plist;
				IPHONEOS_DEPLOYMENT_TARGET = 8.0;
				LD_RUNPATH_SEARCH_PATHS = "$(inherited) @executable_path/Frameworks";
				PRODUCT_BUNDLE_IDENTIFIER = com.XZ.XZSwfitWB;
				PRODUCT_NAME = "$(TARGET_NAME)";
				SWIFT_VERSION = 4.0;
				TARGETED_DEVICE_FAMILY = "1,2";
			};
			name = Release;
		};
		84AE5EA11FC7EBA700F4B0F9 /* Debug */ = {
			isa = XCBuildConfiguration;
			buildSettings = {
				ALWAYS_EMBED_SWIFT_STANDARD_LIBRARIES = YES;
				BUNDLE_LOADER = "$(TEST_HOST)";
				CODE_SIGN_STYLE = Automatic;
				DEVELOPMENT_TEAM = JM8C4U4YF7;
				INFOPLIST_FILE = XZSwfitWBTests/Info.plist;
				LD_RUNPATH_SEARCH_PATHS = "$(inherited) @executable_path/Frameworks @loader_path/Frameworks";
				PRODUCT_BUNDLE_IDENTIFIER = com.XZ.XZSwfitWBTests;
				PRODUCT_NAME = "$(TARGET_NAME)";
				SWIFT_VERSION = 4.0;
				TARGETED_DEVICE_FAMILY = "1,2";
				TEST_HOST = "$(BUILT_PRODUCTS_DIR)/XZSwfitWB.app/XZSwfitWB";
			};
			name = Debug;
		};
		84AE5EA21FC7EBA700F4B0F9 /* Release */ = {
			isa = XCBuildConfiguration;
			buildSettings = {
				ALWAYS_EMBED_SWIFT_STANDARD_LIBRARIES = YES;
				BUNDLE_LOADER = "$(TEST_HOST)";
				CODE_SIGN_STYLE = Automatic;
				DEVELOPMENT_TEAM = JM8C4U4YF7;
				INFOPLIST_FILE = XZSwfitWBTests/Info.plist;
				LD_RUNPATH_SEARCH_PATHS = "$(inherited) @executable_path/Frameworks @loader_path/Frameworks";
				PRODUCT_BUNDLE_IDENTIFIER = com.XZ.XZSwfitWBTests;
				PRODUCT_NAME = "$(TARGET_NAME)";
				SWIFT_VERSION = 4.0;
				TARGETED_DEVICE_FAMILY = "1,2";
				TEST_HOST = "$(BUILT_PRODUCTS_DIR)/XZSwfitWB.app/XZSwfitWB";
			};
			name = Release;
		};
/* End XCBuildConfiguration section */

/* Begin XCConfigurationList section */
		84AE5E7B1FC7EBA700F4B0F9 /* Build configuration list for PBXProject "XZSwfitWB" */ = {
			isa = XCConfigurationList;
			buildConfigurations = (
				84AE5E9B1FC7EBA700F4B0F9 /* Debug */,
				84AE5E9C1FC7EBA700F4B0F9 /* Release */,
			);
			defaultConfigurationIsVisible = 0;
			defaultConfigurationName = Release;
		};
		84AE5E9D1FC7EBA700F4B0F9 /* Build configuration list for PBXNativeTarget "XZSwfitWB" */ = {
			isa = XCConfigurationList;
			buildConfigurations = (
				84AE5E9E1FC7EBA700F4B0F9 /* Debug */,
				84AE5E9F1FC7EBA700F4B0F9 /* Release */,
			);
			defaultConfigurationIsVisible = 0;
			defaultConfigurationName = Release;
		};
		84AE5EA01FC7EBA700F4B0F9 /* Build configuration list for PBXNativeTarget "XZSwfitWBTests" */ = {
			isa = XCConfigurationList;
			buildConfigurations = (
				84AE5EA11FC7EBA700F4B0F9 /* Debug */,
				84AE5EA21FC7EBA700F4B0F9 /* Release */,
			);
			defaultConfigurationIsVisible = 0;
			defaultConfigurationName = Release;
		};
/* End XCConfigurationList section */
	};
	rootObject = 84AE5E781FC7EBA700F4B0F9 /* Project object */;
}
